Microsoft Visual Studio Solution File, Format Version 12.00
# Visual Studio 2012
Project("{FAE04EC0-301F-11D3-BF4B-00C04F79EFBC}") = "KibootsGame", "KibootsGame.csproj", "{916E5944-D09C-4B68-A63C-635227B2796D}"
EndProject
Global
	GlobalSection(SolutionConfigurationPlatforms) = preSolution
	Debug|Any CPU = Debug|Any CPU
	ExportDebug|Any CPU = ExportDebug|Any CPU
	ExportRelease|Any CPU = ExportRelease|Any CPU
	EndGlobalSection
	GlobalSection(ProjectConfigurationPlatforms) = postSolution
		{916E5944-D09C-4B68-A63C-635227B2796D}.Debug|Any CPU.ActiveCfg = Debug|Any CPU
		{916E5944-D09C-4B68-A63C-635227B2796D}.Debug|Any CPU.Build.0 = Debug|Any CPU
		{916E5944-D09C-4B68-A63C-635227B2796D}.ExportDebug|Any CPU.ActiveCfg = ExportDebug|Any CPU
		{916E5944-D09C-4B68-A63C-635227B2796D}.ExportDebug|Any CPU.Build.0 = ExportDebug|Any CPU
		{916E5944-D09C-4B68-A63C-635227B2796D}.ExportRelease|Any CPU.ActiveCfg = ExportRelease|Any CPU
		{916E5944-D09C-4B68-A63C-635227B2796D}.ExportRelease|Any CPU.Build.0 = ExportRelease|Any CPU
	EndGlobalSection
EndGlobal
